// !$*UTF8*$!
{
	archiveVersion = 1;
	classes = {
	};
	objectVersion = 50;
	objects = {

/* Begin PBXBuildFile section */
		41D22C3F26FDCFDB00019D6C /* AppDelegate.swift in Sources */ = {isa = PBXBuildFile; fileRef = 41D22C3E26FDCFDB00019D6C /* AppDelegate.swift */; };
		41D22C4126FDCFDB00019D6C /* SceneDelegate.swift in Sources */ = {isa = PBXBuildFile; fileRef = 41D22C4026FDCFDB00019D6C /* SceneDelegate.swift */; };
		41D22C4326FDCFDB00019D6C /* MainViewController.swift in Sources */ = {isa = PBXBuildFile; fileRef = 41D22C4226FDCFDB00019D6C /* MainViewController.swift */; };
		41D22C4626FDCFDB00019D6C /* Main.storyboard in Resources */ = {isa = PBXBuildFile; fileRef = 41D22C4426FDCFDB00019D6C /* Main.storyboard */; };
		41D22C4826FDCFDC00019D6C /* Assets.xcassets in Resources */ = {isa = PBXBuildFile; fileRef = 41D22C4726FDCFDC00019D6C /* Assets.xcassets */; };
		41D22C4B26FDCFDC00019D6C /* LaunchScreen.storyboard in Resources */ = {isa = PBXBuildFile; fileRef = 41D22C4926FDCFDC00019D6C /* LaunchScreen.storyboard */; };
/* End PBXBuildFile section */

/* Begin PBXFileReference section */
		41D22C3B26FDCFDB00019D6C /* MAPD714-F2021-Lesson2.app */ = {isa = PBXFileReference; explicitFileType = wrapper.application; includeInIndex = 0; path = "MAPD714-F2021-Lesson2.app"; sourceTree = BUILT_PRODUCTS_DIR; };
		41D22C3E26FDCFDB00019D6C /* AppDelegate.swift */ = {isa = PBXFileReference; lastKnownFileType = sourcecode.swift; path = AppDelegate.swift; sourceTree = "<group>"; };
		41D22C4026FDCFDB00019D6C /* SceneDelegate.swift */ = {isa = PBXFileReference; lastKnownFileType = sourcecode.swift; path = SceneDelegate.swift; sourceTree = "<group>"; };
		41D22C4226FDCFDB00019D6C /* MainViewController.swift */ = {isa = PBXFileReference; lastKnownFileType = sourcecode.swift; path = MainViewController.swift; sourceTree = "<group>"; };
		41D22C4526FDCFDB00019D6C /* Base */ = {isa = PBXFileReference; lastKnownFileType = file.storyboard; name = Base; path = Base.lproj/Main.storyboard; sourceTree = "<group>"; };
		41D22C4726FDCFDC00019D6C /* Assets.xcassets */ = {isa = PBXFileReference; lastKnownFileType = folder.assetcatalog; path = Assets.xcassets; sourceTree = "<group>"; };
		41D22C4A26FDCFDC00019D6C /* Base */ = {isa = PBXFileReference; lastKnownFileType = file.storyboard; name = Base; path = Base.lproj/LaunchScreen.storyboard; sourceTree = "<group>"; };
		41D22C4C26FDCFDC00019D6C /* Info.plist */ = {isa = PBXFileReference; lastKnownFileType = text.plist.xml; path = Info.plist; sourceTree = "<group>"; };
/* End PBXFileReference section */

/* Begin PBXFrameworksBuildPhase section */
		41D22C3826FDCFDB00019D6C /* Frameworks */ = {
			isa = PBXFrameworksBuildPhase;
			buildActionMask = 2147483647;
			files = (
			);
			runOnlyForDeploymentPostprocessing = 0;
		};
/* End PBXFrameworksBuildPhase section */

/* Begin PBXGroup section */
		41D22C3226FDCFDB00019D6C = {
			isa = PBXGroup;
			children = (
				41D22C3D26FDCFDB00019D6C /* MAPD714-F2021-Lesson2 */,
				41D22C3C26FDCFDB00019D6C /* Products */,
			);
			sourceTree = "<group>";
		};
		41D22C3C26FDCFDB00019D6C /* Products */ = {
			isa = PBXGroup;
			children = (
				41D22C3B26FDCFDB00019D6C /* MAPD714-F2021-Lesson2.app */,
			);
			name = Products;
			sourceTree = "<group>";
		};
		41D22C3D26FDCFDB00019D6C /* MAPD714-F2021-Lesson2 */ = {
			isa = PBXGroup;
			children = (
				41D22C3E26FDCFDB00019D6C /* AppDelegate.swift */,
				41D22C4026FDCFDB00019D6C /* SceneDelegate.swift */,
				41D22C4226FDCFDB00019D6C /* MainViewController.swift */,
				41D22C4426FDCFDB00019D6C /* Main.storyboard */,
				41D22C4726FDCFDC00019D6C /* Assets.xcassets */,
				41D22C4926FDCFDC00019D6C /* LaunchScreen.storyboard */,
				41D22C4C26FDCFDC00019D6C /* Info.plist */,
			);
			path = "MAPD714-F2021-Lesson2";
			sourceTree = "<group>";
		};
/* End PBXGroup section */

/* Begin PBXNativeTarget section */
		41D22C3A26FDCFDB00019D6C /* MAPD714-F2021-Lesson2 */ = {
			isa = PBXNativeTarget;
			buildConfigurationList = 41D22C4F26FDCFDC00019D6C /* Build configuration list for PBXNativeTarget "MAPD714-F2021-Lesson2" */;
			buildPhases = (
				41D22C3726FDCFDB00019D6C /* Sources */,
				41D22C3826FDCFDB00019D6C /* Frameworks */,
				41D22C3926FDCFDB00019D6C /* Resources */,
			);
			buildRules = (
			);
			dependencies = (
			);
			name = "MAPD714-F2021-Lesson2";
			productName = "MAPD714-F2021-Lesson2";
			productReference = 41D22C3B26FDCFDB00019D6C /* MAPD714-F2021-Lesson2.app */;
			productType = "com.apple.product-type.application";
		};
/* End PBXNativeTarget section */

/* Begin PBXProject section */
		41D22C3326FDCFDB00019D6C /* Project object */ = {
			isa = PBXProject;
			attributes = {
				LastSwiftUpdateCheck = 1250;
				LastUpgradeCheck = 1250;
				TargetAttributes = {
					41D22C3A26FDCFDB00019D6C = {
						CreatedOnToolsVersion = 12.5.1;
					};
				};
			};
			buildConfigurationList = 41D22C3626FDCFDB00019D6C /* Build configuration list for PBXProject "MAPD714-F2021-Lesson2" */;
			compatibilityVersion = "Xcode 9.3";
			developmentRegion = en;
			hasScannedForEncodings = 0;
			knownRegions = (
				en,
				Base,
			);
			mainGroup = 41D22C3226FDCFDB00019D6C;
			productRefGroup = 41D22C3C26FDCFDB00019D6C /* Products */;
			projectDirPath = "";
			projectRoot = "";
			targets = (
				41D22C3A26FDCFDB00019D6C /* MAPD714-F2021-Lesson2 */,
			);
		};
/* End PBXProject section */

/* Begin PBXResourcesBuildPhase section */
		41D22C3926FDCFDB00019D6C /* Resources */ = {
			isa = PBXResourcesBuildPhase;
			buildActionMask = 2147483647;
			files = (
				41D22C4B26FDCFDC00019D6C /* LaunchScreen.storyboard in Resources */,
				41D22C4826FDCFDC00019D6C /* Assets.xcassets in Resources */,
				41D22C4626FDCFDB00019D6C /* Main.storyboard in Resources */,
			);
			runOnlyForDeploymentPostprocessing = 0;
		};
/* End PBXResourcesBuildPhase section */

/* Begin PBXSourcesBuildPhase section */
		41D22C3726FDCFDB00019D6C /* Sources */ = {
			isa = PBXSourcesBuildPhase;
			buildActionMask = 2147483647;
			files = (
				41D22C4326FDCFDB00019D6C /* MainViewController.swift in Sources */,
				41D22C3F26FDCFDB00019D6C /* AppDelegate.swift in Sources */,
				41D22C4126FDCFDB00019D6C /* SceneDelegate.swift in Sources */,
			);
			runOnlyForDeploymentPostprocessing = 0;
		};
/* End PBXSourcesBuildPhase section */

/* Begin PBXVariantGroup section */
		41D22C4426FDCFDB00019D6C /* Main.storyboard */ = {
			isa = PBXVariantGroup;
			children = (
				41D22C4526FDCFDB00019D6C /* Base */,
			);
			name = Main.storyboard;
			sourceTree = "<group>";
		};
		41D22C4926FDCFDC00019D6C /* LaunchScreen.storyboard */ = {
			isa = PBXVariantGroup;
			children = (
				41D22C4A26FDCFDC00019D6C /* Base */,
			);
			name = LaunchScreen.storyboard;
			sourceTree = "<group>";
		};
/* End PBXVariantGroup section */

/* Begin XCBuildConfiguration section */
		41D22C4D26FDCFDC00019D6C /* Debug */ = {
			isa = XCBuildConfiguration;
			buildSettings = {
				ALWAYS_SEARCH_USER_PATHS = NO;
				CLANG_ANALYZER_NONNULL = YES;
				CLANG_ANALYZER_NUMBER_OBJECT_CONVERSION = YES_AGGRESSIVE;
				CLANG_CXX_LANGUAGE_STANDARD = "gnu++14";
				CLANG_CXX_LIBRARY = "libc++";
				CLANG_ENABLE_MODULES = YES;
				CLANG_ENABLE_OBJC_ARC = YES;
				CLANG_ENABLE_OBJC_WEAK = YES;
				CLANG_WARN_BLOCK_CAPTURE_AUTORELEASING = YES;
				CLANG_WARN_BOOL_CONVERSION = YES;
				CLANG_WARN_COMMA = YES;
				CLANG_WARN_CONSTANT_CONVERSION = YES;
				CLANG_WARN_DEPRECATED_OBJC_IMPLEMENTATIONS = YES;
				CLANG_WARN_DIRECT_OBJC_ISA_USAGE = YES_ERROR;
				CLANG_WARN_DOCUMENTATION_COMMENTS = YES;
				CLANG_WARN_EMPTY_BODY = YES;
				CLANG_WARN_ENUM_CONVERSION = YES;
				CLANG_WARN_INFINITE_RECURSION = YES;
				CLANG_WARN_INT_CONVERSION = YES;
				CLANG_WARN_NON_LITERAL_NULL_CONVERSION = YES;
				CLANG_WARN_OBJC_IMPLICIT_RETAIN_SELF = YES;
				CLANG_WARN_OBJC_LITERAL_CONVERSION = YES;
				CLANG_WARN_OBJC_ROOT_CLASS = YES_ERROR;
				CLANG_WARN_QUOTED_INCLUDE_IN_FRAMEWORK_HEADER = YES;
				CLANG_WARN_RANGE_LOOP_ANALYSIS = YES;
				CLANG_WARN_STRICT_PROTOTYPES = YES;
				CLANG_WARN_SUSPICIOUS_MOVE = YES;
				CLANG_WARN_UNGUARDED_AVAILABILITY = YES_AGGRESSIVE;
				CLANG_WARN_UNREACHABLE_CODE = YES;
				CLANG_WARN__DUPLICATE_METHOD_MATCH = YES;
				COPY_PHASE_STRIP = NO;
				DEBUG_INFORMATION_FORMAT = dwarf;
				ENABLE_STRICT_OBJC_MSGSEND = YES;
				ENABLE_TESTABILITY = YES;
				GCC_C_LANGUAGE_STANDARD = gnu11;
				GCC_DYNAMIC_NO_PIC = NO;
				GCC_NO_COMMON_BLOCKS = YES;
				GCC_OPTIMIZATION_LEVEL = 0;
				GCC_PREPROCESSOR_DEFINITIONS = (
					"DEBUG=1",
					"$(inherited)",
				);
				GCC_WARN_64_TO_32_BIT_CONVERSION = YES;
				GCC_WARN_ABOUT_RETURN_TYPE = YES_ERROR;
				GCC_WARN_UNDECLARED_SELECTOR = YES;
				GCC_WARN_UNINITIALIZED_AUTOS = YES_AGGRESSIVE;
				GCC_WARN_UNUSED_FUNCTION = YES;
				GCC_WARN_UNUSED_VARIABLE = YES;
				IPHONEOS_DEPLOYMENT_TARGET = 14.5;
				MTL_ENABLE_DEBUG_INFO = INCLUDE_SOURCE;
				MTL_FAST_MATH = YES;
				ONLY_ACTIVE_ARCH = YES;
				SDKROOT = iphoneos;
				SWIFT_ACTIVE_COMPILATION_CONDITIONS = DEBUG;
				SWIFT_OPTIMIZATION_LEVEL = "-Onone";
			};
			name = Debug;
		};
		41D22C4E26FDCFDC00019D6C /* Release */ = {
			isa = XCBuildConfiguration;
			buildSettings = {
				ALWAYS_SEARCH_USER_PATHS = NO;
				CLANG_ANALYZER_NONNULL = YES;
				CLANG_ANALYZER_NUMBER_OBJECT_CONVERSION = YES_AGGRESSIVE;
				CLANG_CXX_LANGUAGE_STANDARD = "gnu++14";
				CLANG_CXX_LIBRARY = "libc++";
				CLANG_ENABLE_MODULES = YES;
				CLANG_ENABLE_OBJC_ARC = YES;
				CLANG_ENABLE_OBJC_WEAK = YES;
				CLANG_WARN_BLOCK_CAPTURE_AUTORELEASING = YES;
				CLANG_WARN_BOOL_CONVERSION = YES;
				CLANG_WARN_COMMA = YES;
				CLANG_WARN_CONSTANT_CONVERSION = YES;
				CLANG_WARN_DEPRECATED_OBJC_IMPLEMENTATIONS = YES;
				CLANG_WARN_DIRECT_OBJC_ISA_USAGE = YES_ERROR;
				CLANG_WARN_DOCUMENTATION_COMMENTS = YES;
				CLANG_WARN_EMPTY_BODY = YES;
				CLANG_WARN_ENUM_CONVERSION = YES;
				CLANG_WARN_INFINITE_RECURSION = YES;
				CLANG_WARN_INT_CONVERSION = YES;
				CLANG_WARN_NON_LITERAL_NULL_CONVERSION = YES;
				CLANG_WARN_OBJC_IMPLICIT_RETAIN_SELF = YES;
				CLANG_WARN_OBJC_LITERAL_CONVERSION = YES;
				CLANG_WARN_OBJC_ROOT_CLASS = YES_ERROR;
				CLANG_WARN_QUOTED_INCLUDE_IN_FRAMEWORK_HEADER = YES;
				CLANG_WARN_RANGE_LOOP_ANALYSIS = YES;
				CLANG_WARN_STRICT_PROTOTYPES = YES;
				CLANG_WARN_SUSPICIOUS_MOVE = YES;
				CLANG_WARN_UNGUARDED_AVAILABILITY = YES_AGGRESSIVE;
				CLANG_WARN_UNREACHABLE_CODE = YES;
				CLANG_WARN__DUPLICATE_METHOD_MATCH = YES;
				COPY_PHASE_STRIP = NO;
				DEBUG_INFORMATION_FORMAT = "dwarf-with-dsym";
				ENABLE_NS_ASSERTIONS = NO;
				ENABLE_STRICT_OBJC_MSGSEND = YES;
				GCC_C_LANGUAGE_STANDARD = gnu11;
				GCC_NO_COMMON_BLOCKS = YES;
				GCC_WARN_64_TO_32_BIT_CONVERSION = YES;
				GCC_WARN_ABOUT_RETURN_TYPE = YES_ERROR;
				GCC_WARN_UNDECLARED_SELECTOR = YES;
				GCC_WARN_UNINITIALIZED_AUTOS = YES_AGGRESSIVE;
				GCC_WARN_UNUSED_FUNCTION = YES;
				GCC_WARN_UNUSED_VARIABLE = YES;
				IPHONEOS_DEPLOYMENT_TARGET = 14.5;
				MTL_ENABLE_DEBUG_INFO = NO;
				MTL_FAST_MATH = YES;
				SDKROOT = iphoneos;
				SWIFT_COMPILATION_MODE = wholemodule;
				SWIFT_OPTIMIZATION_LEVEL = "-O";
				VALIDATE_PRODUCT = YES;
			};
			name = Release;
		};
		41D22C5026FDCFDC00019D6C /* Debug */ = {
			isa = XCBuildConfiguration;
			buildSettings = {
				ASSETCATALOG_COMPILER_APPICON_NAME = AppIcon;
				ASSETCATALOG_COMPILER_GLOBAL_ACCENT_COLOR_NAME = AccentColor;
				CODE_SIGN_STYLE = Automatic;
				DEVELOPMENT_TEAM = 2V4JDH6LS7;
				INFOPLIST_FILE = "MAPD714-F2021-Lesson2/Info.plist";
				IPHONEOS_DEPLOYMENT_TARGET = 14.5;
				LD_RUNPATH_SEARCH_PATHS = (
					"$(inherited)",
					"@executable_path/Frameworks",
				);
				PRODUCT_BUNDLE_IDENTIFIER = "ca.centennial.MAPD714-F2021-Lesson2";
				PRODUCT_NAME = "$(TARGET_NAME)";
				SWIFT_VERSION = 5.0;
				TARGETED_DEVICE_FAMILY = "1,2";
			};
			name = Debug;
		};
		41D22C5126FDCFDC00019D6C /* Release */ = {
			isa = XCBuildConfiguration;
			buildSettings = {
				ASSETCATALOG_COMPILER_APPICON_NAME = AppIcon;
				ASSETCATALOG_COMPILER_GLOBAL_ACCENT_COLOR_NAME = AccentColor;
				CODE_SIGN_STYLE = Automatic;
				DEVELOPMENT_TEAM = 2V4JDH6LS7;
				INFOPLIST_FILE = "MAPD714-F2021-Lesson2/Info.plist";
				IPHONEOS_DEPLOYMENT_TARGET = 14.5;
				LD_RUNPATH_SEARCH_PATHS = (
					"$(inherited)",
					"@executable_path/Frameworks",
				);
				PRODUCT_BUNDLE_IDENTIFIER = "ca.centennial.MAPD714-F2021-Lesson2";
				PRODUCT_NAME = "$(TARGET_NAME)";
				SWIFT_VERSION = 5.0;
				TARGETED_DEVICE_FAMILY = "1,2";
			};
			name = Release;
		};
/* End XCBuildConfiguration section */

/* Begin XCConfigurationList section */
		41D22C3626FDCFDB00019D6C /* Build configuration list for PBXProject "MAPD714-F2021-Lesson2" */ = {
			isa = XCConfigurationList;
			buildConfigurations = (
				41D22C4D26FDCFDC00019D6C /* Debug */,
				41D22C4E26FDCFDC00019D6C /* Release */,
			);
			defaultConfigurationIsVisible = 0;
			defaultConfigurationName = Release;
		};
		41D22C4F26FDCFDC00019D6C /* Build configuration list for PBXNativeTarget "MAPD714-F2021-Lesson2" */ = {
			isa = XCConfigurationList;
			buildConfigurations = (
				41D22C5026FDCFDC00019D6C /* Debug */,
				41D22C5126FDCFDC00019D6C /* Release */,
			);
			defaultConfigurationIsVisible = 0;
			defaultConfigurationName = Release;
		};
/* End XCConfigurationList section */
	};
	rootObject = 41D22C3326FDCFDB00019D6C /* Project object */;
}
